
Microsoft Visual Studio Solution File, Format Version 12.00
# Visual Studio Version 17
VisualStudioVersion = 17.8.34408.163
MinimumVisualStudioVersion = 10.0.40219.1
Project("{FAE04EC0-301F-11D3-BF4B-00C04F79EFBC}") = "SocialWeave", "SocialWeave\SocialWeave.csproj", "{DD1AF3EA-69EF-4417-A129-AEBE43840C3A}"
EndProject
Global
	GlobalSection(SolutionConfigurationPlatforms) = preSolution
		Debug|Any CPU = Debug|Any CPU
		Release|Any CPU = Release|Any CPU
	EndGlobalSection
	GlobalSection(ProjectConfigurationPlatforms) = postSolution
		{DD1AF3EA-69EF-4417-A129-AEBE43840C3A}.Debug|Any CPU.ActiveCfg = Debug|Any CPU
		{DD1AF3EA-69EF-4417-A129-AEBE43840C3A}.Debug|Any CPU.Build.0 = Debug|Any CPU
		{DD1AF3EA-69EF-4417-A129-AEBE43840C3A}.Release|Any CPU.ActiveCfg = Release|Any CPU
		{DD1AF3EA-69EF-4417-A129-AEBE43840C3A}.Release|Any CPU.Build.0 = Release|Any CPU
	EndGlobalSection
	GlobalSection(SolutionProperties) = preSolution
		HideSolutionNode = FALSE
	EndGlobalSection
	GlobalSection(ExtensibilityGlobals) = postSolution
		SolutionGuid = {95AC0C96-1FF3-4D52-9E3C-67C4832BE97D}
	EndGlobalSection
EndGlobal
